
Microsoft Visual Studio Solution File, Format Version 11.00
# Visual Studio 2010
Project("{2150E333-8FDC-42A3-9474-1A3956D46DE8}") = "Libraries", "Libraries", "{2C19D3E9-7581-438E-BDFF-409E71E8E9FF}"
EndProject
Project("{2150E333-8FDC-42A3-9474-1A3956D46DE8}") = "Dependencies", "Dependencies", "{CF7D7FD3-8DD3-410A-8911-E64E8D021E19}"
	ProjectSection(SolutionItems) = preProject
		Dependencies\AjaxControlToolkit.dll = Dependencies\AjaxControlToolkit.dll
		Dependencies\CSSFriendly.dll = Dependencies\CSSFriendly.dll
		Dependencies\FredCK.FCKeditorV2.dll = Dependencies\FredCK.FCKeditorV2.dll
		Dependencies\log4net.dll = Dependencies\log4net.dll
		Dependencies\Microsoft.Practices.EnterpriseLibrary.Common.dll = Dependencies\Microsoft.Practices.EnterpriseLibrary.Common.dll
		Dependencies\Microsoft.Practices.EnterpriseLibrary.Data.dll = Dependencies\Microsoft.Practices.EnterpriseLibrary.Data.dll
		Dependencies\Microsoft.Practices.EnterpriseLibrary.ExceptionHandling.dll = Dependencies\Microsoft.Practices.EnterpriseLibrary.ExceptionHandling.dll
		Dependencies\Microsoft.Practices.EnterpriseLibrary.ExceptionHandling.Logging.dll = Dependencies\Microsoft.Practices.EnterpriseLibrary.ExceptionHandling.Logging.dll
		Dependencies\Microsoft.Practices.EnterpriseLibrary.Logging.dll = Dependencies\Microsoft.Practices.EnterpriseLibrary.Logging.dll
		Dependencies\Microsoft.Practices.EnterpriseLibrary.Security.Cryptography.dll = Dependencies\Microsoft.Practices.EnterpriseLibrary.Security.Cryptography.dll
		Dependencies\Microsoft.Practices.ObjectBuilder.dll = Dependencies\Microsoft.Practices.ObjectBuilder.dll
		Dependencies\RssToolkit.dll = Dependencies\RssToolkit.dll
	EndProjectSection
EndProject
Project("{2150E333-8FDC-42A3-9474-1A3956D46DE8}") = "Solution Items", "Solution Items", "{4DF4F2D6-C0F0-4761-93DE-F1EF62C77855}"
	ProjectSection(SolutionItems) = preProject
		LocalTestRun.testrunconfig = LocalTestRun.testrunconfig
		SFASystem1.vsmdi = SFASystem1.vsmdi
	EndProjectSection
EndProject
Project("{E24C65DC-7377-472B-9ABA-BC803B73C61A}") = "Web", "Web", "{023B31B3-0E00-40A5-BC57-AA56F2BCDAB3}"
	ProjectSection(WebsiteProperties) = preProject
		TargetFrameworkMoniker = ".NETFramework,Version%3Dv3.5"
		ProjectReferences = "{48464418-17FA-46FE-8107-E8EFD0D3C0C2}|SFASystem.WebUtils.dll;{D42729B9-3A19-429C-9D15-925AEA1575A6}|SFASystem.DataAccess.dll;{5E08D780-AA34-456E-A5B9-2DB47AC639D6}|SFASystem.Domain.dll;{F3D6CCA3-0002-4544-8FC1-D4A9FF4D17FC}|SFASystem.Services.dll;"
		Debug.AspNetCompiler.VirtualPath = "/Web"
		Debug.AspNetCompiler.PhysicalPath = "Web\"
		Debug.AspNetCompiler.TargetPath = "PrecompiledWeb\Web\"
		Debug.AspNetCompiler.Updateable = "true"
		Debug.AspNetCompiler.ForceOverwrite = "true"
		Debug.AspNetCompiler.FixedNames = "false"
		Debug.AspNetCompiler.Debug = "True"
		Release.AspNetCompiler.VirtualPath = "/Web"
		Release.AspNetCompiler.PhysicalPath = "Web\"
		Release.AspNetCompiler.TargetPath = "PrecompiledWeb\Web\"
		Release.AspNetCompiler.Updateable = "true"
		Release.AspNetCompiler.ForceOverwrite = "true"
		Release.AspNetCompiler.FixedNames = "false"
		Release.AspNetCompiler.Debug = "False"
		VWDPort = "58098"
	EndProjectSection
EndProject
Project("{FAE04EC0-301F-11D3-BF4B-00C04F79EFBC}") = "SFASystem.WebUtils", "Libraries\SFASystem.WebUtils\SFASystem.WebUtils.csproj", "{48464418-17FA-46FE-8107-E8EFD0D3C0C2}"
EndProject
Project("{FAE04EC0-301F-11D3-BF4B-00C04F79EFBC}") = "SFASystem.Domain", "SFASystem.Domain\SFASystem.Domain.csproj", "{5E08D780-AA34-456E-A5B9-2DB47AC639D6}"
EndProject
Project("{FAE04EC0-301F-11D3-BF4B-00C04F79EFBC}") = "SFASystem.DataAccess", "SFASystem.Data\SFASystem.DataAccess.csproj", "{D42729B9-3A19-429C-9D15-925AEA1575A6}"
EndProject
Project("{FAE04EC0-301F-11D3-BF4B-00C04F79EFBC}") = "SFASystem.Services", "SFASystem.Services\SFASystem.Services.csproj", "{F3D6CCA3-0002-4544-8FC1-D4A9FF4D17FC}"
EndProject
Project("{FAE04EC0-301F-11D3-BF4B-00C04F79EFBC}") = "SFASystem.Test", "Test\SFASystem.Test.csproj", "{5CB07792-C13D-446D-8A29-376AE854B43E}"
EndProject
Project("{FAE04EC0-301F-11D3-BF4B-00C04F79EFBC}") = "SfaSystem.Database", "SfaSystem.Database\SfaSystem.Database.csproj", "{5D2F31E0-A37A-43FB-B39A-11D368C14CBB}"
EndProject
Global
	GlobalSection(TestCaseManagementSettings) = postSolution
		CategoryFile = SFASystem1.vsmdi
	EndGlobalSection
	GlobalSection(SolutionConfigurationPlatforms) = preSolution
		Debug|Any CPU = Debug|Any CPU
		Release|Any CPU = Release|Any CPU
	EndGlobalSection
	GlobalSection(ProjectConfigurationPlatforms) = postSolution
		{023B31B3-0E00-40A5-BC57-AA56F2BCDAB3}.Debug|Any CPU.ActiveCfg = Debug|Any CPU
		{023B31B3-0E00-40A5-BC57-AA56F2BCDAB3}.Debug|Any CPU.Build.0 = Debug|Any CPU
		{023B31B3-0E00-40A5-BC57-AA56F2BCDAB3}.Release|Any CPU.ActiveCfg = Debug|Any CPU
		{023B31B3-0E00-40A5-BC57-AA56F2BCDAB3}.Release|Any CPU.Build.0 = Debug|Any CPU
		{48464418-17FA-46FE-8107-E8EFD0D3C0C2}.Debug|Any CPU.ActiveCfg = Debug|Any CPU
		{48464418-17FA-46FE-8107-E8EFD0D3C0C2}.Debug|Any CPU.Build.0 = Debug|Any CPU
		{48464418-17FA-46FE-8107-E8EFD0D3C0C2}.Release|Any CPU.ActiveCfg = Release|Any CPU
		{48464418-17FA-46FE-8107-E8EFD0D3C0C2}.Release|Any CPU.Build.0 = Release|Any CPU
		{5E08D780-AA34-456E-A5B9-2DB47AC639D6}.Debug|Any CPU.ActiveCfg = Debug|Any CPU
		{5E08D780-AA34-456E-A5B9-2DB47AC639D6}.Debug|Any CPU.Build.0 = Debug|Any CPU
		{5E08D780-AA34-456E-A5B9-2DB47AC639D6}.Release|Any CPU.ActiveCfg = Release|Any CPU
		{5E08D780-AA34-456E-A5B9-2DB47AC639D6}.Release|Any CPU.Build.0 = Release|Any CPU
		{D42729B9-3A19-429C-9D15-925AEA1575A6}.Debug|Any CPU.ActiveCfg = Debug|Any CPU
		{D42729B9-3A19-429C-9D15-925AEA1575A6}.Debug|Any CPU.Build.0 = Debug|Any CPU
		{D42729B9-3A19-429C-9D15-925AEA1575A6}.Release|Any CPU.ActiveCfg = Release|Any CPU
		{D42729B9-3A19-429C-9D15-925AEA1575A6}.Release|Any CPU.Build.0 = Release|Any CPU
		{F3D6CCA3-0002-4544-8FC1-D4A9FF4D17FC}.Debug|Any CPU.ActiveCfg = Debug|Any CPU
		{F3D6CCA3-0002-4544-8FC1-D4A9FF4D17FC}.Debug|Any CPU.Build.0 = Debug|Any CPU
		{F3D6CCA3-0002-4544-8FC1-D4A9FF4D17FC}.Release|Any CPU.ActiveCfg = Release|Any CPU
		{F3D6CCA3-0002-4544-8FC1-D4A9FF4D17FC}.Release|Any CPU.Build.0 = Release|Any CPU
		{5CB07792-C13D-446D-8A29-376AE854B43E}.Debug|Any CPU.ActiveCfg = Debug|Any CPU
		{5CB07792-C13D-446D-8A29-376AE854B43E}.Debug|Any CPU.Build.0 = Debug|Any CPU
		{5CB07792-C13D-446D-8A29-376AE854B43E}.Release|Any CPU.ActiveCfg = Release|Any CPU
		{5CB07792-C13D-446D-8A29-376AE854B43E}.Release|Any CPU.Build.0 = Release|Any CPU
		{5D2F31E0-A37A-43FB-B39A-11D368C14CBB}.Debug|Any CPU.ActiveCfg = Debug|Any CPU
		{5D2F31E0-A37A-43FB-B39A-11D368C14CBB}.Debug|Any CPU.Build.0 = Debug|Any CPU
		{5D2F31E0-A37A-43FB-B39A-11D368C14CBB}.Release|Any CPU.ActiveCfg = Release|Any CPU
		{5D2F31E0-A37A-43FB-B39A-11D368C14CBB}.Release|Any CPU.Build.0 = Release|Any CPU
	EndGlobalSection
	GlobalSection(SolutionProperties) = preSolution
		HideSolutionNode = FALSE
	EndGlobalSection
	GlobalSection(NestedProjects) = preSolution
		{4DF4F2D6-C0F0-4761-93DE-F1EF62C77855} = {2C19D3E9-7581-438E-BDFF-409E71E8E9FF}
		{48464418-17FA-46FE-8107-E8EFD0D3C0C2} = {2C19D3E9-7581-438E-BDFF-409E71E8E9FF}
		{5E08D780-AA34-456E-A5B9-2DB47AC639D6} = {2C19D3E9-7581-438E-BDFF-409E71E8E9FF}
		{D42729B9-3A19-429C-9D15-925AEA1575A6} = {2C19D3E9-7581-438E-BDFF-409E71E8E9FF}
		{F3D6CCA3-0002-4544-8FC1-D4A9FF4D17FC} = {2C19D3E9-7581-438E-BDFF-409E71E8E9FF}
		{5CB07792-C13D-446D-8A29-376AE854B43E} = {2C19D3E9-7581-438E-BDFF-409E71E8E9FF}
	EndGlobalSection
EndGlobal
