
Microsoft Visual Studio Solution File, Format Version 11.00
# Visual Studio 2010
Project("{2150E333-8FDC-42A3-9474-1A3956D46DE8}") = "Dependencies", "Dependencies", "{BCC678A7-CC59-4A34-97B3-0BFA6B310AF6}"
	ProjectSection(SolutionItems) = preProject
		Dependencies\log4net.dll = Dependencies\log4net.dll
	EndProjectSection
EndProject
Project("{FAE04EC0-301F-11D3-BF4B-00C04F79EFBC}") = "SfaSystem.Pocket.Core", "SfaSystem.Pocket.Core\SfaSystem.Pocket.Core.csproj", "{0344D074-E7B2-4BB6-BF59-C9AE2BEFE4E6}"
EndProject
Project("{FAE04EC0-301F-11D3-BF4B-00C04F79EFBC}") = "SfaSystem.Pocket.App", "SfaSystem.Pocket.App\SfaSystem.Pocket.App.csproj", "{9D16180C-399B-4765-8CF6-DF5091974763}"
EndProject
Project("{FAE04EC0-301F-11D3-BF4B-00C04F79EFBC}") = "SfaSystem.Pocket.Utils", "SfaSystem.Pocket.Utils\SfaSystem.Pocket.Utils.csproj", "{06E6AE2A-7DCE-4DDB-B6E8-ACA5F901DF15}"
EndProject
Global
	GlobalSection(SolutionConfigurationPlatforms) = preSolution
		Debug|Any CPU = Debug|Any CPU
		Release|Any CPU = Release|Any CPU
	EndGlobalSection
	GlobalSection(ProjectConfigurationPlatforms) = postSolution
		{0344D074-E7B2-4BB6-BF59-C9AE2BEFE4E6}.Debug|Any CPU.ActiveCfg = Debug|Any CPU
		{0344D074-E7B2-4BB6-BF59-C9AE2BEFE4E6}.Debug|Any CPU.Build.0 = Debug|Any CPU
		{0344D074-E7B2-4BB6-BF59-C9AE2BEFE4E6}.Release|Any CPU.ActiveCfg = Release|Any CPU
		{0344D074-E7B2-4BB6-BF59-C9AE2BEFE4E6}.Release|Any CPU.Build.0 = Release|Any CPU
		{9D16180C-399B-4765-8CF6-DF5091974763}.Debug|Any CPU.ActiveCfg = Debug|Any CPU
		{9D16180C-399B-4765-8CF6-DF5091974763}.Debug|Any CPU.Build.0 = Debug|Any CPU
		{9D16180C-399B-4765-8CF6-DF5091974763}.Debug|Any CPU.Deploy.0 = Debug|Any CPU
		{9D16180C-399B-4765-8CF6-DF5091974763}.Release|Any CPU.ActiveCfg = Release|Any CPU
		{9D16180C-399B-4765-8CF6-DF5091974763}.Release|Any CPU.Build.0 = Release|Any CPU
		{9D16180C-399B-4765-8CF6-DF5091974763}.Release|Any CPU.Deploy.0 = Release|Any CPU
		{06E6AE2A-7DCE-4DDB-B6E8-ACA5F901DF15}.Debug|Any CPU.ActiveCfg = Debug|Any CPU
		{06E6AE2A-7DCE-4DDB-B6E8-ACA5F901DF15}.Debug|Any CPU.Build.0 = Debug|Any CPU
		{06E6AE2A-7DCE-4DDB-B6E8-ACA5F901DF15}.Release|Any CPU.ActiveCfg = Release|Any CPU
		{06E6AE2A-7DCE-4DDB-B6E8-ACA5F901DF15}.Release|Any CPU.Build.0 = Release|Any CPU
	EndGlobalSection
	GlobalSection(SolutionProperties) = preSolution
		HideSolutionNode = FALSE
	EndGlobalSection
EndGlobal
